
Microsoft Visual Studio Solution File, Format Version 12.00
# Visual Studio Version 17
VisualStudioVersion = 17.7.34221.43
MinimumVisualStudioVersion = 10.0.40219.1
Project("{FAE04EC0-301F-11D3-BF4B-00C04F79EFBC}") = "WinFormsApp2", "WinFormsApp2\WinFormsApp2.csproj", "{CB5A84C7-9269-4DD6-AE73-48100089ADE2}"
EndProject
Global
	GlobalSection(SolutionConfigurationPlatforms) = preSolution
		Debug|Any CPU = Debug|Any CPU
		Release|Any CPU = Release|Any CPU
	EndGlobalSection
	GlobalSection(ProjectConfigurationPlatforms) = postSolution
		{CB5A84C7-9269-4DD6-AE73-48100089ADE2}.Debug|Any CPU.ActiveCfg = Debug|Any CPU
		{CB5A84C7-9269-4DD6-AE73-48100089ADE2}.Debug|Any CPU.Build.0 = Debug|Any CPU
		{CB5A84C7-9269-4DD6-AE73-48100089ADE2}.Release|Any CPU.ActiveCfg = Release|Any CPU
		{CB5A84C7-9269-4DD6-AE73-48100089ADE2}.Release|Any CPU.Build.0 = Release|Any CPU
	EndGlobalSection
	GlobalSection(SolutionProperties) = preSolution
		HideSolutionNode = FALSE
	EndGlobalSection
	GlobalSection(ExtensibilityGlobals) = postSolution
		SolutionGuid = {E7FA55E9-78C7-4535-A240-9E1025D19FE1}
	EndGlobalSection
EndGlobal
